
Microsoft Visual Studio Solution File, Format Version 12.00
# Visual Studio Version 16
VisualStudioVersion = 16.0.29709.97
MinimumVisualStudioVersion = 10.0.40219.1
Project("{FAE04EC0-301F-11D3-BF4B-00C04F79EFBC}") = "Loja", "Loja\Loja.csproj", "{F3324E06-8E1F-4DE5-95B5-E568082FC4AA}"
EndProject
Global
	GlobalSection(SolutionConfigurationPlatforms) = preSolution
		Debug|Any CPU = Debug|Any CPU
		Release|Any CPU = Release|Any CPU
	EndGlobalSection
	GlobalSection(ProjectConfigurationPlatforms) = postSolution
		{F3324E06-8E1F-4DE5-95B5-E568082FC4AA}.Debug|Any CPU.ActiveCfg = Debug|Any CPU
		{F3324E06-8E1F-4DE5-95B5-E568082FC4AA}.Debug|Any CPU.Build.0 = Debug|Any CPU
		{F3324E06-8E1F-4DE5-95B5-E568082FC4AA}.Release|Any CPU.ActiveCfg = Release|Any CPU
		{F3324E06-8E1F-4DE5-95B5-E568082FC4AA}.Release|Any CPU.Build.0 = Release|Any CPU
	EndGlobalSection
	GlobalSection(SolutionProperties) = preSolution
		HideSolutionNode = FALSE
	EndGlobalSection
	GlobalSection(ExtensibilityGlobals) = postSolution
		SolutionGuid = {161E4C16-1BD0-4A01-9D0B-3A9EBA96620F}
	EndGlobalSection
EndGlobal
